// !$*UTF8*$!
{
	archiveVersion = 1;
	classes = {
	};
	objectVersion = 46;
	objects = {

/* Begin PBXBuildFile section */
		16B5C5DE1B691C4A00754981 /* echo_server.hpp in Sources */ = {isa = PBXBuildFile; fileRef = 169B8FB01B56A97700C83D9C /* echo_server.hpp */; };
		16B5C5DF1B691C4A00754981 /* thread_lock.h in Sources */ = {isa = PBXBuildFile; fileRef = 169B8FB11B56A99000C83D9C /* thread_lock.h */; };
		16B5C5E01B691C4A00754981 /* common.h in Sources */ = {isa = PBXBuildFile; fileRef = 166890101B458F3D003AE8B7 /* common.h */; };
		16B5C5E11B691C4A00754981 /* singleton.h in Sources */ = {isa = PBXBuildFile; fileRef = 166890111B458F3D003AE8B7 /* singleton.h */; };
		16B5C5E21B691C4A00754981 /* log.cpp in Sources */ = {isa = PBXBuildFile; fileRef = 16E787391B5C25E300D8DF77 /* log.cpp */; };
		16B5C5E31B691C4A00754981 /* log.h in Sources */ = {isa = PBXBuildFile; fileRef = 16E7873A1B5C25E300D8DF77 /* log.h */; };
		16B5C5E41B691C4A00754981 /* mongo_test.hpp in Sources */ = {isa = PBXBuildFile; fileRef = 166890141B458F3D003AE8B7 /* mongo_test.hpp */; };
		16B5C5E51B691C4A00754981 /* mongo_wrapper.cpp in Sources */ = {isa = PBXBuildFile; fileRef = 166890151B458F3D003AE8B7 /* mongo_wrapper.cpp */; };
		16B5C5E61B691C4A00754981 /* mongo_wrapper.h in Sources */ = {isa = PBXBuildFile; fileRef = 166890161B458F3D003AE8B7 /* mongo_wrapper.h */; };
		16B5C5E71B691C4A00754981 /* header.hpp in Sources */ = {isa = PBXBuildFile; fileRef = 16642A621B67EC260054009C /* header.hpp */; };
		16B5C5E81B691C4A00754981 /* mime_types.cpp in Sources */ = {isa = PBXBuildFile; fileRef = 16642A631B67EC260054009C /* mime_types.cpp */; };
		16B5C5E91B691C4A00754981 /* mime_types.hpp in Sources */ = {isa = PBXBuildFile; fileRef = 16642A641B67EC260054009C /* mime_types.hpp */; };
		16B5C5EA1B691C4A00754981 /* reply.cpp in Sources */ = {isa = PBXBuildFile; fileRef = 16642A651B67EC260054009C /* reply.cpp */; };
		16B5C5EB1B691C4A00754981 /* reply.hpp in Sources */ = {isa = PBXBuildFile; fileRef = 16642A661B67EC260054009C /* reply.hpp */; };
		16B5C5EC1B691C4A00754981 /* request_handler.cpp in Sources */ = {isa = PBXBuildFile; fileRef = 16642A671B67EC260054009C /* request_handler.cpp */; };
		16B5C5ED1B691C4A00754981 /* request_handler.hpp in Sources */ = {isa = PBXBuildFile; fileRef = 16642A681B67EC260054009C /* request_handler.hpp */; };
		16B5C5EE1B691C4A00754981 /* request_parser.cpp in Sources */ = {isa = PBXBuildFile; fileRef = 16642A691B67EC260054009C /* request_parser.cpp */; };
		16B5C5EF1B691C4A00754981 /* request_parser.hpp in Sources */ = {isa = PBXBuildFile; fileRef = 16642A6A1B67EC260054009C /* request_parser.hpp */; };
		16B5C5F01B691C4A00754981 /* request.hpp in Sources */ = {isa = PBXBuildFile; fileRef = 16642A6B1B67EC260054009C /* request.hpp */; };
		16B5C5F11B691C4A00754981 /* http_codec.cpp in Sources */ = {isa = PBXBuildFile; fileRef = 16642A701B67F0AB0054009C /* http_codec.cpp */; };
		16B5C5F21B691C4A00754981 /* http_codec.h in Sources */ = {isa = PBXBuildFile; fileRef = 16642A711B67F0AB0054009C /* http_codec.h */; };
		16B5C5F31B691C4A00754981 /* msg_codec.cpp in Sources */ = {isa = PBXBuildFile; fileRef = 16642A5F1B67DB430054009C /* msg_codec.cpp */; };
		16B5C5F41B691C4A00754981 /* msg_codec.h in Sources */ = {isa = PBXBuildFile; fileRef = 16642A601B67DB430054009C /* msg_codec.h */; };
		16B5C5F51B691C4A00754981 /* message.cpp in Sources */ = {isa = PBXBuildFile; fileRef = 16FAC8F01B50194A00AAF935 /* message.cpp */; };
		16B5C5F61B691C4A00754981 /* message.h in Sources */ = {isa = PBXBuildFile; fileRef = 168D42C61B4EB342001D7B3A /* message.h */; };
		16B5C5F71B691C4A00754981 /* io_service_pool.cpp in Sources */ = {isa = PBXBuildFile; fileRef = 169B8FA91B56A96A00C83D9C /* io_service_pool.cpp */; };
		16B5C5F81B691C4A00754981 /* io_service_pool.hpp in Sources */ = {isa = PBXBuildFile; fileRef = 169B8FAA1B56A96A00C83D9C /* io_service_pool.hpp */; };
		16B5C5F91B691C4A00754981 /* tcp_server.cpp in Sources */ = {isa = PBXBuildFile; fileRef = 169B8FAB1B56A96A00C83D9C /* tcp_server.cpp */; };
		16B5C5FA1B691C4A00754981 /* tcp_server.h in Sources */ = {isa = PBXBuildFile; fileRef = 169B8FAC1B56A96A00C83D9C /* tcp_server.h */; };
		16B5C5FB1B691C4A00754981 /* tcp_connection.cpp in Sources */ = {isa = PBXBuildFile; fileRef = 16919B001B47009400AB29D8 /* tcp_connection.cpp */; };
		16B5C5FC1B691C4A00754981 /* tcp_connection.h in Sources */ = {isa = PBXBuildFile; fileRef = 16919B011B47009400AB29D8 /* tcp_connection.h */; };
		16B5C5FD1B691D5200754981 /* libboost_filesystem.a in Frameworks */ = {isa = PBXBuildFile; fileRef = 16E787441B5C34E400D8DF77 /* libboost_filesystem.a */; };
		16B5C5FE1B691D7000754981 /* libboost_date_time.a in Frameworks */ = {isa = PBXBuildFile; fileRef = 169B8FB41B56AB9F00C83D9C /* libboost_date_time.a */; };
		16B5C5FF1B691D8B00754981 /* libboost_system.a in Frameworks */ = {isa = PBXBuildFile; fileRef = 166890211B459169003AE8B7 /* libboost_system.a */; };
		16B5C6001B691DA400754981 /* libboost_thread.a in Frameworks */ = {isa = PBXBuildFile; fileRef = 166890231B4591AB003AE8B7 /* libboost_thread.a */; };
		16B5C6011B691DC200754981 /* libboost_log.dylib in Frameworks */ = {isa = PBXBuildFile; fileRef = 16E787461B5C43B900D8DF77 /* libboost_log.dylib */; };
/* End PBXBuildFile section */

/* Begin PBXContainerItemProxy section */
		163B945E1B69130900B8008E /* PBXContainerItemProxy */ = {
			isa = PBXContainerItemProxy;
			containerPortal = 163B945A1B69130800B8008E /* dotasrv.xcodeproj */;
			proxyType = 2;
			remoteGlobalIDString = 163B94501B69130800B8008E;
			remoteInfo = dotasrv;
		};
/* End PBXContainerItemProxy section */

/* Begin PBXFileReference section */
		163B945A1B69130800B8008E /* dotasrv.xcodeproj */ = {isa = PBXFileReference; lastKnownFileType = "wrapper.pb-project"; name = dotasrv.xcodeproj; path = dotasrv/dotasrv.xcodeproj; sourceTree = "<group>"; };
		163B94B41B691B3000B8008E /* libmy01.a */ = {isa = PBXFileReference; explicitFileType = archive.ar; includeInIndex = 0; path = libmy01.a; sourceTree = BUILT_PRODUCTS_DIR; };
		16642A5F1B67DB430054009C /* msg_codec.cpp */ = {isa = PBXFileReference; fileEncoding = 4; lastKnownFileType = sourcecode.cpp.cpp; path = msg_codec.cpp; sourceTree = "<group>"; };
		16642A601B67DB430054009C /* msg_codec.h */ = {isa = PBXFileReference; fileEncoding = 4; lastKnownFileType = sourcecode.c.h; path = msg_codec.h; sourceTree = "<group>"; };
		16642A621B67EC260054009C /* header.hpp */ = {isa = PBXFileReference; fileEncoding = 4; lastKnownFileType = sourcecode.cpp.h; name = header.hpp; path = http/header.hpp; sourceTree = "<group>"; };
		16642A631B67EC260054009C /* mime_types.cpp */ = {isa = PBXFileReference; fileEncoding = 4; lastKnownFileType = sourcecode.cpp.cpp; name = mime_types.cpp; path = http/mime_types.cpp; sourceTree = "<group>"; };
		16642A641B67EC260054009C /* mime_types.hpp */ = {isa = PBXFileReference; fileEncoding = 4; lastKnownFileType = sourcecode.cpp.h; name = mime_types.hpp; path = http/mime_types.hpp; sourceTree = "<group>"; };
		16642A651B67EC260054009C /* reply.cpp */ = {isa = PBXFileReference; fileEncoding = 4; lastKnownFileType = sourcecode.cpp.cpp; name = reply.cpp; path = http/reply.cpp; sourceTree = "<group>"; };
		16642A661B67EC260054009C /* reply.hpp */ = {isa = PBXFileReference; fileEncoding = 4; lastKnownFileType = sourcecode.cpp.h; name = reply.hpp; path = http/reply.hpp; sourceTree = "<group>"; };
		16642A671B67EC260054009C /* request_handler.cpp */ = {isa = PBXFileReference; fileEncoding = 4; lastKnownFileType = sourcecode.cpp.cpp; name = request_handler.cpp; path = http/request_handler.cpp; sourceTree = "<group>"; };
		16642A681B67EC260054009C /* request_handler.hpp */ = {isa = PBXFileReference; fileEncoding = 4; lastKnownFileType = sourcecode.cpp.h; name = request_handler.hpp; path = http/request_handler.hpp; sourceTree = "<group>"; };
		16642A691B67EC260054009C /* request_parser.cpp */ = {isa = PBXFileReference; fileEncoding = 4; lastKnownFileType = sourcecode.cpp.cpp; name = request_parser.cpp; path = http/request_parser.cpp; sourceTree = "<group>"; };
		16642A6A1B67EC260054009C /* request_parser.hpp */ = {isa = PBXFileReference; fileEncoding = 4; lastKnownFileType = sourcecode.cpp.h; name = request_parser.hpp; path = http/request_parser.hpp; sourceTree = "<group>"; };
		16642A6B1B67EC260054009C /* request.hpp */ = {isa = PBXFileReference; fileEncoding = 4; lastKnownFileType = sourcecode.cpp.h; name = request.hpp; path = http/request.hpp; sourceTree = "<group>"; };
		16642A701B67F0AB0054009C /* http_codec.cpp */ = {isa = PBXFileReference; fileEncoding = 4; lastKnownFileType = sourcecode.cpp.cpp; path = http_codec.cpp; sourceTree = "<group>"; };
		16642A711B67F0AB0054009C /* http_codec.h */ = {isa = PBXFileReference; fileEncoding = 4; lastKnownFileType = sourcecode.c.h; path = http_codec.h; sourceTree = "<group>"; };
		166890101B458F3D003AE8B7 /* common.h */ = {isa = PBXFileReference; fileEncoding = 4; lastKnownFileType = sourcecode.c.h; path = common.h; sourceTree = "<group>"; };
		166890111B458F3D003AE8B7 /* singleton.h */ = {isa = PBXFileReference; fileEncoding = 4; lastKnownFileType = sourcecode.c.h; path = singleton.h; sourceTree = "<group>"; };
		166890141B458F3D003AE8B7 /* mongo_test.hpp */ = {isa = PBXFileReference; fileEncoding = 4; lastKnownFileType = sourcecode.cpp.h; path = mongo_test.hpp; sourceTree = "<group>"; };
		166890151B458F3D003AE8B7 /* mongo_wrapper.cpp */ = {isa = PBXFileReference; fileEncoding = 4; lastKnownFileType = sourcecode.cpp.cpp; path = mongo_wrapper.cpp; sourceTree = "<group>"; };
		166890161B458F3D003AE8B7 /* mongo_wrapper.h */ = {isa = PBXFileReference; fileEncoding = 4; lastKnownFileType = sourcecode.c.h; path = mongo_wrapper.h; sourceTree = "<group>"; };
		166890211B459169003AE8B7 /* libboost_system.a */ = {isa = PBXFileReference; lastKnownFileType = archive.ar; name = libboost_system.a; path = ../../boost/boost_1_58_0/stage/lib/libboost_system.a; sourceTree = "<group>"; };
		166890231B4591AB003AE8B7 /* libboost_thread.a */ = {isa = PBXFileReference; lastKnownFileType = archive.ar; name = libboost_thread.a; path = ../../boost/boost_1_58_0/stage/lib/libboost_thread.a; sourceTree = "<group>"; };
		168D42C61B4EB342001D7B3A /* message.h */ = {isa = PBXFileReference; fileEncoding = 4; lastKnownFileType = sourcecode.c.h; path = message.h; sourceTree = "<group>"; };
		16919B001B47009400AB29D8 /* tcp_connection.cpp */ = {isa = PBXFileReference; fileEncoding = 4; lastKnownFileType = sourcecode.cpp.cpp; path = tcp_connection.cpp; sourceTree = "<group>"; };
		16919B011B47009400AB29D8 /* tcp_connection.h */ = {isa = PBXFileReference; fileEncoding = 4; lastKnownFileType = sourcecode.c.h; path = tcp_connection.h; sourceTree = "<group>"; };
		169B8FA91B56A96A00C83D9C /* io_service_pool.cpp */ = {isa = PBXFileReference; fileEncoding = 4; lastKnownFileType = sourcecode.cpp.cpp; path = io_service_pool.cpp; sourceTree = "<group>"; };
		169B8FAA1B56A96A00C83D9C /* io_service_pool.hpp */ = {isa = PBXFileReference; fileEncoding = 4; lastKnownFileType = sourcecode.cpp.h; path = io_service_pool.hpp; sourceTree = "<group>"; };
		169B8FAB1B56A96A00C83D9C /* tcp_server.cpp */ = {isa = PBXFileReference; fileEncoding = 4; lastKnownFileType = sourcecode.cpp.cpp; path = tcp_server.cpp; sourceTree = "<group>"; };
		169B8FAC1B56A96A00C83D9C /* tcp_server.h */ = {isa = PBXFileReference; fileEncoding = 4; lastKnownFileType = sourcecode.c.h; path = tcp_server.h; sourceTree = "<group>"; };
		169B8FB01B56A97700C83D9C /* echo_server.hpp */ = {isa = PBXFileReference; fileEncoding = 4; lastKnownFileType = sourcecode.cpp.h; path = echo_server.hpp; sourceTree = "<group>"; };
		169B8FB11B56A99000C83D9C /* thread_lock.h */ = {isa = PBXFileReference; fileEncoding = 4; lastKnownFileType = sourcecode.c.h; path = thread_lock.h; sourceTree = "<group>"; };
		169B8FB21B56AB2400C83D9C /* libboost_timer.a */ = {isa = PBXFileReference; lastKnownFileType = archive.ar; name = libboost_timer.a; path = ../../boost/boost_1_58_0/stage/lib/libboost_timer.a; sourceTree = "<group>"; };
		169B8FB41B56AB9F00C83D9C /* libboost_date_time.a */ = {isa = PBXFileReference; lastKnownFileType = archive.ar; name = libboost_date_time.a; path = ../../boost/boost_1_58_0/stage/lib/libboost_date_time.a; sourceTree = "<group>"; };
		16E787391B5C25E300D8DF77 /* log.cpp */ = {isa = PBXFileReference; fileEncoding = 4; lastKnownFileType = sourcecode.cpp.cpp; path = log.cpp; sourceTree = "<group>"; };
		16E7873A1B5C25E300D8DF77 /* log.h */ = {isa = PBXFileReference; fileEncoding = 4; lastKnownFileType = sourcecode.c.h; path = log.h; sourceTree = "<group>"; };
		16E7873C1B5C2CC500D8DF77 /* libboost_log.a */ = {isa = PBXFileReference; lastKnownFileType = archive.ar; name = libboost_log.a; path = ../../boost/boost_1_58_0/stage/lib/libboost_log.a; sourceTree = "<group>"; };
		16E787401B5C2D2400D8DF77 /* libboost_iostreams.a */ = {isa = PBXFileReference; lastKnownFileType = archive.ar; name = libboost_iostreams.a; path = ../../boost/boost_1_58_0/stage/lib/libboost_iostreams.a; sourceTree = "<group>"; };
		16E787421B5C325400D8DF77 /* libboost_locale.a */ = {isa = PBXFileReference; lastKnownFileType = archive.ar; name = libboost_locale.a; path = ../../boost/boost_1_58_0/stage/lib/libboost_locale.a; sourceTree = "<group>"; };
		16E787441B5C34E400D8DF77 /* libboost_filesystem.a */ = {isa = PBXFileReference; lastKnownFileType = archive.ar; name = libboost_filesystem.a; path = ../../boost/boost_1_58_0/stage/lib/libboost_filesystem.a; sourceTree = "<group>"; };
		16E787461B5C43B900D8DF77 /* libboost_log.dylib */ = {isa = PBXFileReference; lastKnownFileType = "compiled.mach-o.dylib"; name = libboost_log.dylib; path = ../../boost/boost_1_58_0/stage/lib/libboost_log.dylib; sourceTree = "<group>"; };
		16FAC8F01B50194A00AAF935 /* message.cpp */ = {isa = PBXFileReference; fileEncoding = 4; lastKnownFileType = sourcecode.cpp.cpp; path = message.cpp; sourceTree = "<group>"; };
/* End PBXFileReference section */

/* Begin PBXFrameworksBuildPhase section */
		163B94B11B691B3000B8008E /* Frameworks */ = {
			isa = PBXFrameworksBuildPhase;
			buildActionMask = 2147483647;
			files = (
				16B5C6011B691DC200754981 /* libboost_log.dylib in Frameworks */,
				16B5C6001B691DA400754981 /* libboost_thread.a in Frameworks */,
				16B5C5FF1B691D8B00754981 /* libboost_system.a in Frameworks */,
				16B5C5FE1B691D7000754981 /* libboost_date_time.a in Frameworks */,
				16B5C5FD1B691D5200754981 /* libboost_filesystem.a in Frameworks */,
			);
			runOnlyForDeploymentPostprocessing = 0;
		};
/* End PBXFrameworksBuildPhase section */

/* Begin PBXGroup section */
		163B945B1B69130800B8008E /* Products */ = {
			isa = PBXGroup;
			children = (
				163B945F1B69130900B8008E /* dotasrv */,
			);
			name = Products;
			sourceTree = "<group>";
		};
		165CA77D1B41BAF600A29321 = {
			isa = PBXGroup;
			children = (
				16E787461B5C43B900D8DF77 /* libboost_log.dylib */,
				16E787441B5C34E400D8DF77 /* libboost_filesystem.a */,
				16E787421B5C325400D8DF77 /* libboost_locale.a */,
				16E787401B5C2D2400D8DF77 /* libboost_iostreams.a */,
				16E7873C1B5C2CC500D8DF77 /* libboost_log.a */,
				169B8FB41B56AB9F00C83D9C /* libboost_date_time.a */,
				169B8FB21B56AB2400C83D9C /* libboost_timer.a */,
				166890231B4591AB003AE8B7 /* libboost_thread.a */,
				166890211B459169003AE8B7 /* libboost_system.a */,
				1668900E1B458F3D003AE8B7 /* src */,
				165CA7871B41BAF600A29321 /* Products */,
				163B945A1B69130800B8008E /* dotasrv.xcodeproj */,
			);
			sourceTree = "<group>";
		};
		165CA7871B41BAF600A29321 /* Products */ = {
			isa = PBXGroup;
			children = (
				163B94B41B691B3000B8008E /* libmy01.a */,
			);
			name = Products;
			sourceTree = "<group>";
		};
		16642A5E1B67D9F50054009C /* http */ = {
			isa = PBXGroup;
			children = (
				16642A621B67EC260054009C /* header.hpp */,
				16642A631B67EC260054009C /* mime_types.cpp */,
				16642A641B67EC260054009C /* mime_types.hpp */,
				16642A651B67EC260054009C /* reply.cpp */,
				16642A661B67EC260054009C /* reply.hpp */,
				16642A671B67EC260054009C /* request_handler.cpp */,
				16642A681B67EC260054009C /* request_handler.hpp */,
				16642A691B67EC260054009C /* request_parser.cpp */,
				16642A6A1B67EC260054009C /* request_parser.hpp */,
				16642A6B1B67EC260054009C /* request.hpp */,
			);
			name = http;
			sourceTree = "<group>";
		};
		1668900E1B458F3D003AE8B7 /* src */ = {
			isa = PBXGroup;
			children = (
				169B8FAF1B56A97700C83D9C /* example */,
				1668900F1B458F3D003AE8B7 /* com */,
				166890121B458F3D003AE8B7 /* mongodb */,
				166890171B458F3D003AE8B7 /* net */,
			);
			path = src;
			sourceTree = "<group>";
		};
		1668900F1B458F3D003AE8B7 /* com */ = {
			isa = PBXGroup;
			children = (
				169B8FB11B56A99000C83D9C /* thread_lock.h */,
				166890101B458F3D003AE8B7 /* common.h */,
				166890111B458F3D003AE8B7 /* singleton.h */,
				16E787391B5C25E300D8DF77 /* log.cpp */,
				16E7873A1B5C25E300D8DF77 /* log.h */,
			);
			path = com;
			sourceTree = "<group>";
		};
		166890121B458F3D003AE8B7 /* mongodb */ = {
			isa = PBXGroup;
			children = (
				166890141B458F3D003AE8B7 /* mongo_test.hpp */,
				166890151B458F3D003AE8B7 /* mongo_wrapper.cpp */,
				166890161B458F3D003AE8B7 /* mongo_wrapper.h */,
			);
			path = mongodb;
			sourceTree = "<group>";
		};
		166890171B458F3D003AE8B7 /* net */ = {
			isa = PBXGroup;
			children = (
				16BB27E81B4AEC8D00AF2115 /* proto */,
				169B8FA91B56A96A00C83D9C /* io_service_pool.cpp */,
				169B8FAA1B56A96A00C83D9C /* io_service_pool.hpp */,
				169B8FAB1B56A96A00C83D9C /* tcp_server.cpp */,
				169B8FAC1B56A96A00C83D9C /* tcp_server.h */,
				16919B001B47009400AB29D8 /* tcp_connection.cpp */,
				16919B011B47009400AB29D8 /* tcp_connection.h */,
			);
			path = net;
			sourceTree = "<group>";
		};
		169B8FAF1B56A97700C83D9C /* example */ = {
			isa = PBXGroup;
			children = (
				169B8FB01B56A97700C83D9C /* echo_server.hpp */,
			);
			path = example;
			sourceTree = "<group>";
		};
		16BB27E81B4AEC8D00AF2115 /* proto */ = {
			isa = PBXGroup;
			children = (
				16642A5E1B67D9F50054009C /* http */,
				16642A701B67F0AB0054009C /* http_codec.cpp */,
				16642A711B67F0AB0054009C /* http_codec.h */,
				16642A5F1B67DB430054009C /* msg_codec.cpp */,
				16642A601B67DB430054009C /* msg_codec.h */,
				16FAC8F01B50194A00AAF935 /* message.cpp */,
				168D42C61B4EB342001D7B3A /* message.h */,
			);
			path = proto;
			sourceTree = "<group>";
		};
/* End PBXGroup section */

/* Begin PBXHeadersBuildPhase section */
		163B94B21B691B3000B8008E /* Headers */ = {
			isa = PBXHeadersBuildPhase;
			buildActionMask = 2147483647;
			files = (
			);
			runOnlyForDeploymentPostprocessing = 0;
		};
/* End PBXHeadersBuildPhase section */

/* Begin PBXNativeTarget section */
		163B94B31B691B3000B8008E /* my01 */ = {
			isa = PBXNativeTarget;
			buildConfigurationList = 163B94BC1B691B3000B8008E /* Build configuration list for PBXNativeTarget "my01" */;
			buildPhases = (
				163B94B01B691B3000B8008E /* Sources */,
				163B94B11B691B3000B8008E /* Frameworks */,
				163B94B21B691B3000B8008E /* Headers */,
			);
			buildRules = (
			);
			dependencies = (
			);
			name = my01;
			productName = my01;
			productReference = 163B94B41B691B3000B8008E /* libmy01.a */;
			productType = "com.apple.product-type.library.static";
		};
/* End PBXNativeTarget section */

/* Begin PBXProject section */
		165CA77E1B41BAF600A29321 /* Project object */ = {
			isa = PBXProject;
			attributes = {
				LastUpgradeCheck = 0610;
				ORGANIZATIONNAME = mid;
				TargetAttributes = {
					163B94B31B691B3000B8008E = {
						CreatedOnToolsVersion = 6.4;
					};
				};
			};
			buildConfigurationList = 165CA7811B41BAF600A29321 /* Build configuration list for PBXProject "my01" */;
			compatibilityVersion = "Xcode 3.2";
			developmentRegion = English;
			hasScannedForEncodings = 0;
			knownRegions = (
				en,
			);
			mainGroup = 165CA77D1B41BAF600A29321;
			productRefGroup = 165CA7871B41BAF600A29321 /* Products */;
			projectDirPath = "";
			projectReferences = (
				{
					ProductGroup = 163B945B1B69130800B8008E /* Products */;
					ProjectRef = 163B945A1B69130800B8008E /* dotasrv.xcodeproj */;
				},
			);
			projectRoot = "";
			targets = (
				163B94B31B691B3000B8008E /* my01 */,
			);
		};
/* End PBXProject section */

/* Begin PBXReferenceProxy section */
		163B945F1B69130900B8008E /* dotasrv */ = {
			isa = PBXReferenceProxy;
			fileType = "compiled.mach-o.executable";
			path = dotasrv;
			remoteRef = 163B945E1B69130900B8008E /* PBXContainerItemProxy */;
			sourceTree = BUILT_PRODUCTS_DIR;
		};
/* End PBXReferenceProxy section */

/* Begin PBXSourcesBuildPhase section */
		163B94B01B691B3000B8008E /* Sources */ = {
			isa = PBXSourcesBuildPhase;
			buildActionMask = 2147483647;
			files = (
				16B5C5DE1B691C4A00754981 /* echo_server.hpp in Sources */,
				16B5C5DF1B691C4A00754981 /* thread_lock.h in Sources */,
				16B5C5E01B691C4A00754981 /* common.h in Sources */,
				16B5C5E11B691C4A00754981 /* singleton.h in Sources */,
				16B5C5E21B691C4A00754981 /* log.cpp in Sources */,
				16B5C5E31B691C4A00754981 /* log.h in Sources */,
				16B5C5E41B691C4A00754981 /* mongo_test.hpp in Sources */,
				16B5C5E51B691C4A00754981 /* mongo_wrapper.cpp in Sources */,
				16B5C5E61B691C4A00754981 /* mongo_wrapper.h in Sources */,
				16B5C5E71B691C4A00754981 /* header.hpp in Sources */,
				16B5C5E81B691C4A00754981 /* mime_types.cpp in Sources */,
				16B5C5E91B691C4A00754981 /* mime_types.hpp in Sources */,
				16B5C5EA1B691C4A00754981 /* reply.cpp in Sources */,
				16B5C5EB1B691C4A00754981 /* reply.hpp in Sources */,
				16B5C5EC1B691C4A00754981 /* request_handler.cpp in Sources */,
				16B5C5ED1B691C4A00754981 /* request_handler.hpp in Sources */,
				16B5C5EE1B691C4A00754981 /* request_parser.cpp in Sources */,
				16B5C5EF1B691C4A00754981 /* request_parser.hpp in Sources */,
				16B5C5F01B691C4A00754981 /* request.hpp in Sources */,
				16B5C5F11B691C4A00754981 /* http_codec.cpp in Sources */,
				16B5C5F21B691C4A00754981 /* http_codec.h in Sources */,
				16B5C5F31B691C4A00754981 /* msg_codec.cpp in Sources */,
				16B5C5F41B691C4A00754981 /* msg_codec.h in Sources */,
				16B5C5F51B691C4A00754981 /* message.cpp in Sources */,
				16B5C5F61B691C4A00754981 /* message.h in Sources */,
				16B5C5F71B691C4A00754981 /* io_service_pool.cpp in Sources */,
				16B5C5F81B691C4A00754981 /* io_service_pool.hpp in Sources */,
				16B5C5F91B691C4A00754981 /* tcp_server.cpp in Sources */,
				16B5C5FA1B691C4A00754981 /* tcp_server.h in Sources */,
				16B5C5FB1B691C4A00754981 /* tcp_connection.cpp in Sources */,
				16B5C5FC1B691C4A00754981 /* tcp_connection.h in Sources */,
			);
			runOnlyForDeploymentPostprocessing = 0;
		};
/* End PBXSourcesBuildPhase section */

/* Begin XCBuildConfiguration section */
		163B94BD1B691B3000B8008E /* Debug */ = {
			isa = XCBuildConfiguration;
			buildSettings = {
				DEBUG_INFORMATION_FORMAT = dwarf;
				EXECUTABLE_PREFIX = lib;
				GCC_ENABLE_CPP_EXCEPTIONS = YES;
				GCC_ENABLE_CPP_RTTI = YES;
				GCC_NO_COMMON_BLOCKS = YES;
				GCC_PREPROCESSOR_DEFINITIONS = _MAC;
				"GCC_PREPROCESSOR_DEFINITIONS[arch=*]" = (
					"DEBUG=1",
					"$(inherited)",
				);
				GCC_SYMBOLS_PRIVATE_EXTERN = NO;
				HEADER_SEARCH_PATHS = (
					"$(inherited)",
					/Applications/Xcode.app/Contents/Developer/Toolchains/XcodeDefault.xctoolchain/usr/include,
					/Users/Midstream/ln/my01/src,
					/Users/Midstream/Documents/Dev/boost/boost_1_58_0/,
				);
				LIBRARY_SEARCH_PATHS = (
					"$(inherited)",
					/Users/Midstream/Documents/Dev/boost/boost_1_58_0/stage/lib,
				);
				PRODUCT_NAME = "$(TARGET_NAME)";
			};
			name = Debug;
		};
		163B94BE1B691B3000B8008E /* Release */ = {
			isa = XCBuildConfiguration;
			buildSettings = {
				COPY_PHASE_STRIP = NO;
				EXECUTABLE_PREFIX = lib;
				GCC_ENABLE_CPP_EXCEPTIONS = YES;
				GCC_ENABLE_CPP_RTTI = YES;
				GCC_NO_COMMON_BLOCKS = YES;
				GCC_PREPROCESSOR_DEFINITIONS = _MAC;
				GCC_SYMBOLS_PRIVATE_EXTERN = NO;
				HEADER_SEARCH_PATHS = (
					"$(inherited)",
					/Applications/Xcode.app/Contents/Developer/Toolchains/XcodeDefault.xctoolchain/usr/include,
					/Users/Midstream/ln/my01/src,
					/Users/Midstream/Documents/Dev/boost/boost_1_58_0/,
				);
				LIBRARY_SEARCH_PATHS = (
					"$(inherited)",
					/Users/Midstream/Documents/Dev/boost/boost_1_58_0/stage/lib,
				);
				PRODUCT_NAME = "$(TARGET_NAME)";
			};
			name = Release;
		};
		165CA78B1B41BAF600A29321 /* Debug */ = {
			isa = XCBuildConfiguration;
			buildSettings = {
				ALWAYS_SEARCH_USER_PATHS = NO;
				CLANG_CXX_LANGUAGE_STANDARD = "gnu++0x";
				CLANG_CXX_LIBRARY = "libc++";
				CLANG_ENABLE_MODULES = YES;
				CLANG_ENABLE_OBJC_ARC = YES;
				CLANG_WARN_BOOL_CONVERSION = YES;
				CLANG_WARN_CONSTANT_CONVERSION = YES;
				CLANG_WARN_DIRECT_OBJC_ISA_USAGE = YES_ERROR;
				CLANG_WARN_EMPTY_BODY = YES;
				CLANG_WARN_ENUM_CONVERSION = YES;
				CLANG_WARN_INT_CONVERSION = YES;
				CLANG_WARN_OBJC_ROOT_CLASS = YES_ERROR;
				CLANG_WARN_UNREACHABLE_CODE = YES;
				CLANG_WARN__DUPLICATE_METHOD_MATCH = YES;
				COPY_PHASE_STRIP = NO;
				ENABLE_STRICT_OBJC_MSGSEND = YES;
				GCC_C_LANGUAGE_STANDARD = gnu99;
				GCC_DYNAMIC_NO_PIC = NO;
				GCC_OPTIMIZATION_LEVEL = 0;
				GCC_PREPROCESSOR_DEFINITIONS = (
					"DEBUG=1",
					"$(inherited)",
				);
				GCC_SYMBOLS_PRIVATE_EXTERN = NO;
				GCC_WARN_64_TO_32_BIT_CONVERSION = YES;
				GCC_WARN_ABOUT_RETURN_TYPE = YES_ERROR;
				GCC_WARN_UNDECLARED_SELECTOR = YES;
				GCC_WARN_UNINITIALIZED_AUTOS = YES_AGGRESSIVE;
				GCC_WARN_UNUSED_FUNCTION = YES;
				GCC_WARN_UNUSED_VARIABLE = YES;
				HEADER_SEARCH_PATHS = (
					"$(inherited)",
					/Applications/Xcode.app/Contents/Developer/Toolchains/XcodeDefault.xctoolchain/usr/include,
					/Users/Midstream/Documents/Dev/boost/boost_1_58_0/boost,
				);
				MACOSX_DEPLOYMENT_TARGET = 10.10;
				MTL_ENABLE_DEBUG_INFO = YES;
				ONLY_ACTIVE_ARCH = YES;
				SDKROOT = macosx;
			};
			name = Debug;
		};
		165CA78C1B41BAF600A29321 /* Release */ = {
			isa = XCBuildConfiguration;
			buildSettings = {
				ALWAYS_SEARCH_USER_PATHS = NO;
				CLANG_CXX_LANGUAGE_STANDARD = "gnu++0x";
				CLANG_CXX_LIBRARY = "libc++";
				CLANG_ENABLE_MODULES = YES;
				CLANG_ENABLE_OBJC_ARC = YES;
				CLANG_WARN_BOOL_CONVERSION = YES;
				CLANG_WARN_CONSTANT_CONVERSION = YES;
				CLANG_WARN_DIRECT_OBJC_ISA_USAGE = YES_ERROR;
				CLANG_WARN_EMPTY_BODY = YES;
				CLANG_WARN_ENUM_CONVERSION = YES;
				CLANG_WARN_INT_CONVERSION = YES;
				CLANG_WARN_OBJC_ROOT_CLASS = YES_ERROR;
				CLANG_WARN_UNREACHABLE_CODE = YES;
				CLANG_WARN__DUPLICATE_METHOD_MATCH = YES;
				COPY_PHASE_STRIP = YES;
				DEBUG_INFORMATION_FORMAT = "dwarf-with-dsym";
				ENABLE_NS_ASSERTIONS = NO;
				ENABLE_STRICT_OBJC_MSGSEND = YES;
				GCC_C_LANGUAGE_STANDARD = gnu99;
				GCC_WARN_64_TO_32_BIT_CONVERSION = YES;
				GCC_WARN_ABOUT_RETURN_TYPE = YES_ERROR;
				GCC_WARN_UNDECLARED_SELECTOR = YES;
				GCC_WARN_UNINITIALIZED_AUTOS = YES_AGGRESSIVE;
				GCC_WARN_UNUSED_FUNCTION = YES;
				GCC_WARN_UNUSED_VARIABLE = YES;
				HEADER_SEARCH_PATHS = (
					"$(inherited)",
					/Applications/Xcode.app/Contents/Developer/Toolchains/XcodeDefault.xctoolchain/usr/include,
					/Users/Midstream/Documents/Dev/boost/boost_1_58_0/boost,
				);
				MACOSX_DEPLOYMENT_TARGET = 10.10;
				MTL_ENABLE_DEBUG_INFO = NO;
				SDKROOT = macosx;
			};
			name = Release;
		};
/* End XCBuildConfiguration section */

/* Begin XCConfigurationList section */
		163B94BC1B691B3000B8008E /* Build configuration list for PBXNativeTarget "my01" */ = {
			isa = XCConfigurationList;
			buildConfigurations = (
				163B94BD1B691B3000B8008E /* Debug */,
				163B94BE1B691B3000B8008E /* Release */,
			);
			defaultConfigurationIsVisible = 0;
			defaultConfigurationName = Release;
		};
		165CA7811B41BAF600A29321 /* Build configuration list for PBXProject "my01" */ = {
			isa = XCConfigurationList;
			buildConfigurations = (
				165CA78B1B41BAF600A29321 /* Debug */,
				165CA78C1B41BAF600A29321 /* Release */,
			);
			defaultConfigurationIsVisible = 0;
			defaultConfigurationName = Release;
		};
/* End XCConfigurationList section */
	};
	rootObject = 165CA77E1B41BAF600A29321 /* Project object */;
}
