<?xml version="1.0" encoding="utf-8"?>
<Project ToolsVersion="4.0" xmlns="http://schemas.microsoft.com/developer/msbuild/2003">
  <ItemGroup>
    <Filter Include="mongodb">
      <UniqueIdentifier>{4FC737F1-C7A5-4376-A066-2A32D752A2FF}</UniqueIdentifier>
      <Extensions>cpp;c;cc;cxx;def;odl;idl;hpj;bat;asm;asmx</Extensions>
    </Filter>
    <Filter Include="net">
      <UniqueIdentifier>{15c2b3ac-b8d4-4de5-9145-1386923d6804}</UniqueIdentifier>
    </Filter>
    <Filter Include="com">
      <UniqueIdentifier>{0bee410f-3f54-4509-b7b9-096ce3360694}</UniqueIdentifier>
    </Filter>
  </ItemGroup>
  <ItemGroup>
    <ClCompile Include="src\server.cpp" />
    <ClCompile Include="src\server2.cpp" />
    <ClCompile Include="src\task.cpp">
      <Filter>net</Filter>
    </ClCompile>
    <ClCompile Include="src\mongodb\mongo_test.cpp">
      <Filter>mongodb</Filter>
    </ClCompile>
  </ItemGroup>
  <ItemGroup>
    <ClInclude Include="src\task.h">
      <Filter>net</Filter>
    </ClInclude>
    <ClInclude Include="src\com\common.h">
      <Filter>com</Filter>
    </ClInclude>
    <ClInclude Include="src\com\singleton.h">
      <Filter>com</Filter>
    </ClInclude>
    <ClInclude Include="src\mongodb\mongo_test.h">
      <Filter>mongodb</Filter>
    </ClInclude>
  </ItemGroup>
</Project>