<?xml version="1.0" encoding="utf-8"?>
<Project ToolsVersion="4.0" xmlns="http://schemas.microsoft.com/developer/msbuild/2003">
  <ItemGroup>
    <Filter Include="mongodb">
      <UniqueIdentifier>{4FC737F1-C7A5-4376-A066-2A32D752A2FF}</UniqueIdentifier>
      <Extensions>cpp;c;cc;cxx;def;odl;idl;hpj;bat;asm;asmx</Extensions>
    </Filter>
    <Filter Include="net">
      <UniqueIdentifier>{15c2b3ac-b8d4-4de5-9145-1386923d6804}</UniqueIdentifier>
    </Filter>
    <Filter Include="com">
      <UniqueIdentifier>{0bee410f-3f54-4509-b7b9-096ce3360694}</UniqueIdentifier>
    </Filter>
    <Filter Include="net\proto">
      <UniqueIdentifier>{d114418b-cc88-4d19-af0b-664bd20f8cfe}</UniqueIdentifier>
    </Filter>
    <Filter Include="example">
      <UniqueIdentifier>{0e26ff94-539e-4f15-a1e0-9abab0655768}</UniqueIdentifier>
    </Filter>
  </ItemGroup>
  <ItemGroup>
    <ClCompile Include="src\server.cpp" />
    <ClCompile Include="src\mongodb\mongo_wrapper.cpp">
      <Filter>mongodb</Filter>
    </ClCompile>
    <ClCompile Include="src\net\tcp_connection.cpp">
      <Filter>net</Filter>
    </ClCompile>
    <ClCompile Include="src\net\proto\message.cpp">
      <Filter>net\proto</Filter>
    </ClCompile>
    <ClCompile Include="src\net\tcp_server.cpp">
      <Filter>net</Filter>
    </ClCompile>
    <ClCompile Include="src\net\io_service_pool.cpp">
      <Filter>net</Filter>
    </ClCompile>
    <ClCompile Include="src\example\echo_server.hpp">
      <Filter>example</Filter>
    </ClCompile>
    <ClCompile Include="src\com\log.cpp">
      <Filter>com</Filter>
    </ClCompile>
  </ItemGroup>
  <ItemGroup>
    <ClInclude Include="src\com\common.h">
      <Filter>com</Filter>
    </ClInclude>
    <ClInclude Include="src\com\singleton.h">
      <Filter>com</Filter>
    </ClInclude>
    <ClInclude Include="src\mongodb\mongo_wrapper.h">
      <Filter>mongodb</Filter>
    </ClInclude>
    <ClInclude Include="src\mongodb\mongo_test.hpp">
      <Filter>mongodb</Filter>
    </ClInclude>
    <ClInclude Include="src\net\tcp_connection.h">
      <Filter>net</Filter>
    </ClInclude>
    <ClInclude Include="src\net\proto\message.h">
      <Filter>net\proto</Filter>
    </ClInclude>
    <ClInclude Include="src\net\tcp_server.h">
      <Filter>net</Filter>
    </ClInclude>
    <ClInclude Include="src\com\thread_lock.h">
      <Filter>com</Filter>
    </ClInclude>
    <ClInclude Include="src\net\io_service_pool.hpp">
      <Filter>net</Filter>
    </ClInclude>
    <ClInclude Include="src\com\log.h">
      <Filter>com</Filter>
    </ClInclude>
  </ItemGroup>
</Project>